
Microsoft Visual Studio Solution File, Format Version 12.00
# Visual Studio 2013
VisualStudioVersion = 12.0.21005.1
MinimumVisualStudioVersion = 10.0.40219.1
Project("{FAE04EC0-301F-11D3-BF4B-00C04F79EFBC}") = "01", "01\01.csproj", "{D1EFB4B0-4CFF-4619-840A-336223763D24}"
EndProject
Project("{FAE04EC0-301F-11D3-BF4B-00C04F79EFBC}") = "lianxi", "lianxi\lianxi.csproj", "{FFC8ED0D-B15B-4923-8C02-811F6ACD661B}"
EndProject
Project("{FAE04EC0-301F-11D3-BF4B-00C04F79EFBC}") = "命名空间", "命名空间\命名空间.csproj", "{ED26C143-4108-43CF-9B99-E1AB7DD7A19E}"
EndProject
Project("{FAE04EC0-301F-11D3-BF4B-00C04F79EFBC}") = "鼠标移动事件", "鼠标移动事件\鼠标移动事件.csproj", "{EC833351-B547-4B18-B2EC-21F61DA6AC80}"
EndProject
Project("{FAE04EC0-301F-11D3-BF4B-00C04F79EFBC}") = "鼠标移动事件2", "鼠标移动事件2\鼠标移动事件2.csproj", "{5161A431-805C-4E0E-94AA-5A65E119D135}"
EndProject
Project("{FAE04EC0-301F-11D3-BF4B-00C04F79EFBC}") = "字符串", "字符串\字符串.csproj", "{9E91AC9C-9CFE-4879-9D41-C19209776687}"
EndProject
Project("{FAE04EC0-301F-11D3-BF4B-00C04F79EFBC}") = "字符串练习", "字符串练习\字符串练习.csproj", "{78A13C80-D961-4FB1-B402-6A1CFC896CDD}"
EndProject
Project("{FAE04EC0-301F-11D3-BF4B-00C04F79EFBC}") = "继承", "继承\继承.csproj", "{A2484703-7376-4DFF-B09F-BD52A159AB50}"
EndProject
Project("{FAE04EC0-301F-11D3-BF4B-00C04F79EFBC}") = "里氏转换", "里氏转换\里氏转换.csproj", "{F7EAA226-73E2-48AB-BDEF-84A1FF3504CA}"
EndProject
Project("{FAE04EC0-301F-11D3-BF4B-00C04F79EFBC}") = "ArrayList集合", "ArrayList集合\ArrayList集合.csproj", "{ED1086DE-C6F8-4BEE-8D90-ACE1A73308D3}"
EndProject
Project("{FAE04EC0-301F-11D3-BF4B-00C04F79EFBC}") = "MvcApplication1", "MvcApplication1\MvcApplication1.csproj", "{987B2B13-CFE2-4055-B5FB-68DF32F9BCC6}"
EndProject
Project("{FAE04EC0-301F-11D3-BF4B-00C04F79EFBC}") = "Path类名", "Path类名\Path类名.csproj", "{75EB182E-4DCF-4325-9072-B9874480CB3C}"
EndProject
Project("{FAE04EC0-301F-11D3-BF4B-00C04F79EFBC}") = "File类", "File类\File类.csproj", "{35F10294-68A4-44B1-AF84-84D3C0D56E83}"
EndProject
Project("{FAE04EC0-301F-11D3-BF4B-00C04F79EFBC}") = "File类的读写操作", "File类的读写操作\File类的读写操作.csproj", "{8263F578-4B4A-4198-8902-277B7C9B640A}"
EndProject
Project("{FAE04EC0-301F-11D3-BF4B-00C04F79EFBC}") = "List", "List\List.csproj", "{0A316D6E-5051-4E12-8868-8CE2C91FFFC3}"
EndProject
Project("{FAE04EC0-301F-11D3-BF4B-00C04F79EFBC}") = "Dictionary", "Dictionary\Dictionary.csproj", "{63F135FE-CB37-488B-9693-349E83B23F18}"
EndProject
Project("{FAE04EC0-301F-11D3-BF4B-00C04F79EFBC}") = "文件流", "文件流\文件流.csproj", "{4E5EA597-D033-4592-9CB7-67F0013B11BA}"
EndProject
Project("{FAE04EC0-301F-11D3-BF4B-00C04F79EFBC}") = "FileStream", "FileStream\FileStream.csproj", "{EF323BE7-F82F-46EE-8FC2-53C83EC093BC}"
EndProject
Project("{FAE04EC0-301F-11D3-BF4B-00C04F79EFBC}") = "文件流FileStream", "文件流FileStream\文件流FileStream.csproj", "{FB36136B-E71D-43ED-9CBB-D0618EF96D63}"
EndProject
Project("{FAE04EC0-301F-11D3-BF4B-00C04F79EFBC}") = "练习FileStream操作多媒体文件", "FileStream操作多媒体文件\练习FileStream操作多媒体文件.csproj", "{1B9BF4C4-85AE-4709-8102-CFF96D2D40B1}"
EndProject
Project("{FAE04EC0-301F-11D3-BF4B-00C04F79EFBC}") = "针对文本文件的流操作", "针对文本文件的流操作\针对文本文件的流操作.csproj", "{5260EC84-C1D5-401A-A54A-2F76BB03D25E}"
EndProject
Project("{FAE04EC0-301F-11D3-BF4B-00C04F79EFBC}") = "只是练习", "只是练习\只是练习.csproj", "{207E52CF-B663-4CE8-A888-465684C56688}"
EndProject
Project("{FAE04EC0-301F-11D3-BF4B-00C04F79EFBC}") = "多态", "多态\多态.csproj", "{FF26C8A7-1A66-4A69-A8B4-DA6B02B33DF4}"
EndProject
Project("{FAE04EC0-301F-11D3-BF4B-00C04F79EFBC}") = "多态练习", "多态练习\多态练习.csproj", "{75982930-01BB-41F1-99DF-525F4AA51129}"
EndProject
Project("{FAE04EC0-301F-11D3-BF4B-00C04F79EFBC}") = "抽象类", "抽象类\抽象类.csproj", "{AACE2C1E-5682-4063-9BD5-53CEF269ED10}"
EndProject
Project("{FAE04EC0-301F-11D3-BF4B-00C04F79EFBC}") = "抽象类实现多态练习", "抽象类实现多态练习\抽象类实现多态练习.csproj", "{6ED24DBC-057F-43A5-92E2-0AA3B3CF01C2}"
EndProject
Project("{FAE04EC0-301F-11D3-BF4B-00C04F79EFBC}") = "随便练习", "随便练习\随便练习.csproj", "{87094277-26F8-4E86-A309-E20DBD64F0EF}"
EndProject
Project("{FAE04EC0-301F-11D3-BF4B-00C04F79EFBC}") = "简单工厂设计模式", "简单工厂设计模式\简单工厂设计模式.csproj", "{8CDE43EE-6575-4840-A4BD-A74B3652CA83}"
EndProject
Project("{FAE04EC0-301F-11D3-BF4B-00C04F79EFBC}") = "值类型和引用类型", "值类型和引用类型\值类型和引用类型.csproj", "{5EE80D58-C834-42F4-AC95-0F9DD9531D49}"
EndProject
Project("{FAE04EC0-301F-11D3-BF4B-00C04F79EFBC}") = "序列化和反序列化", "序列化和反序列化\序列化和反序列化.csproj", "{2A95A33D-3B7C-4142-BDB7-72004D175476}"
EndProject
Project("{FAE04EC0-301F-11D3-BF4B-00C04F79EFBC}") = "接口练习", "接口练习\接口练习.csproj", "{CE31F79E-EF6B-4DC5-A9E2-C9A457917E58}"
EndProject
Project("{FAE04EC0-301F-11D3-BF4B-00C04F79EFBC}") = "现实实现接口", "现实实现接口\现实实现接口.csproj", "{4CB090E5-9385-4711-8271-1F42BFF84FAB}"
EndProject
Project("{FAE04EC0-301F-11D3-BF4B-00C04F79EFBC}") = "集合小练习", "集合小练习\集合小练习.csproj", "{7A83B7B4-D5C2-48F1-89CB-4657E7ED8BD3}"
EndProject
Project("{FAE04EC0-301F-11D3-BF4B-00C04F79EFBC}") = "Lambda", "Lambda\Lambda.csproj", "{522C0CB1-D641-402E-905E-05920DF8BB79}"
EndProject
Project("{FAE04EC0-301F-11D3-BF4B-00C04F79EFBC}") = "ceshigitex", "ceshigitex\ceshigitex.csproj", "{A99D68E0-B8FC-4456-A6BA-A0707E078DD8}"
EndProject
Global
	GlobalSection(SolutionConfigurationPlatforms) = preSolution
		Debug|Any CPU = Debug|Any CPU
		Release|Any CPU = Release|Any CPU
	EndGlobalSection
	GlobalSection(ProjectConfigurationPlatforms) = postSolution
		{D1EFB4B0-4CFF-4619-840A-336223763D24}.Debug|Any CPU.ActiveCfg = Debug|Any CPU
		{D1EFB4B0-4CFF-4619-840A-336223763D24}.Debug|Any CPU.Build.0 = Debug|Any CPU
		{D1EFB4B0-4CFF-4619-840A-336223763D24}.Release|Any CPU.ActiveCfg = Release|Any CPU
		{D1EFB4B0-4CFF-4619-840A-336223763D24}.Release|Any CPU.Build.0 = Release|Any CPU
		{FFC8ED0D-B15B-4923-8C02-811F6ACD661B}.Debug|Any CPU.ActiveCfg = Debug|Any CPU
		{FFC8ED0D-B15B-4923-8C02-811F6ACD661B}.Debug|Any CPU.Build.0 = Debug|Any CPU
		{FFC8ED0D-B15B-4923-8C02-811F6ACD661B}.Release|Any CPU.ActiveCfg = Release|Any CPU
		{FFC8ED0D-B15B-4923-8C02-811F6ACD661B}.Release|Any CPU.Build.0 = Release|Any CPU
		{ED26C143-4108-43CF-9B99-E1AB7DD7A19E}.Debug|Any CPU.ActiveCfg = Debug|Any CPU
		{ED26C143-4108-43CF-9B99-E1AB7DD7A19E}.Debug|Any CPU.Build.0 = Debug|Any CPU
		{ED26C143-4108-43CF-9B99-E1AB7DD7A19E}.Release|Any CPU.ActiveCfg = Release|Any CPU
		{ED26C143-4108-43CF-9B99-E1AB7DD7A19E}.Release|Any CPU.Build.0 = Release|Any CPU
		{EC833351-B547-4B18-B2EC-21F61DA6AC80}.Debug|Any CPU.ActiveCfg = Debug|Any CPU
		{EC833351-B547-4B18-B2EC-21F61DA6AC80}.Debug|Any CPU.Build.0 = Debug|Any CPU
		{EC833351-B547-4B18-B2EC-21F61DA6AC80}.Release|Any CPU.ActiveCfg = Release|Any CPU
		{EC833351-B547-4B18-B2EC-21F61DA6AC80}.Release|Any CPU.Build.0 = Release|Any CPU
		{5161A431-805C-4E0E-94AA-5A65E119D135}.Debug|Any CPU.ActiveCfg = Debug|Any CPU
		{5161A431-805C-4E0E-94AA-5A65E119D135}.Debug|Any CPU.Build.0 = Debug|Any CPU
		{5161A431-805C-4E0E-94AA-5A65E119D135}.Release|Any CPU.ActiveCfg = Release|Any CPU
		{5161A431-805C-4E0E-94AA-5A65E119D135}.Release|Any CPU.Build.0 = Release|Any CPU
		{9E91AC9C-9CFE-4879-9D41-C19209776687}.Debug|Any CPU.ActiveCfg = Debug|Any CPU
		{9E91AC9C-9CFE-4879-9D41-C19209776687}.Debug|Any CPU.Build.0 = Debug|Any CPU
		{9E91AC9C-9CFE-4879-9D41-C19209776687}.Release|Any CPU.ActiveCfg = Release|Any CPU
		{9E91AC9C-9CFE-4879-9D41-C19209776687}.Release|Any CPU.Build.0 = Release|Any CPU
		{78A13C80-D961-4FB1-B402-6A1CFC896CDD}.Debug|Any CPU.ActiveCfg = Debug|Any CPU
		{78A13C80-D961-4FB1-B402-6A1CFC896CDD}.Debug|Any CPU.Build.0 = Debug|Any CPU
		{78A13C80-D961-4FB1-B402-6A1CFC896CDD}.Release|Any CPU.ActiveCfg = Release|Any CPU
		{78A13C80-D961-4FB1-B402-6A1CFC896CDD}.Release|Any CPU.Build.0 = Release|Any CPU
		{A2484703-7376-4DFF-B09F-BD52A159AB50}.Debug|Any CPU.ActiveCfg = Debug|Any CPU
		{A2484703-7376-4DFF-B09F-BD52A159AB50}.Debug|Any CPU.Build.0 = Debug|Any CPU
		{A2484703-7376-4DFF-B09F-BD52A159AB50}.Release|Any CPU.ActiveCfg = Release|Any CPU
		{A2484703-7376-4DFF-B09F-BD52A159AB50}.Release|Any CPU.Build.0 = Release|Any CPU
		{F7EAA226-73E2-48AB-BDEF-84A1FF3504CA}.Debug|Any CPU.ActiveCfg = Debug|Any CPU
		{F7EAA226-73E2-48AB-BDEF-84A1FF3504CA}.Debug|Any CPU.Build.0 = Debug|Any CPU
		{F7EAA226-73E2-48AB-BDEF-84A1FF3504CA}.Release|Any CPU.ActiveCfg = Release|Any CPU
		{F7EAA226-73E2-48AB-BDEF-84A1FF3504CA}.Release|Any CPU.Build.0 = Release|Any CPU
		{ED1086DE-C6F8-4BEE-8D90-ACE1A73308D3}.Debug|Any CPU.ActiveCfg = Debug|Any CPU
		{ED1086DE-C6F8-4BEE-8D90-ACE1A73308D3}.Debug|Any CPU.Build.0 = Debug|Any CPU
		{ED1086DE-C6F8-4BEE-8D90-ACE1A73308D3}.Release|Any CPU.ActiveCfg = Release|Any CPU
		{ED1086DE-C6F8-4BEE-8D90-ACE1A73308D3}.Release|Any CPU.Build.0 = Release|Any CPU
		{987B2B13-CFE2-4055-B5FB-68DF32F9BCC6}.Debug|Any CPU.ActiveCfg = Debug|Any CPU
		{987B2B13-CFE2-4055-B5FB-68DF32F9BCC6}.Debug|Any CPU.Build.0 = Debug|Any CPU
		{987B2B13-CFE2-4055-B5FB-68DF32F9BCC6}.Release|Any CPU.ActiveCfg = Release|Any CPU
		{987B2B13-CFE2-4055-B5FB-68DF32F9BCC6}.Release|Any CPU.Build.0 = Release|Any CPU
		{75EB182E-4DCF-4325-9072-B9874480CB3C}.Debug|Any CPU.ActiveCfg = Debug|Any CPU
		{75EB182E-4DCF-4325-9072-B9874480CB3C}.Debug|Any CPU.Build.0 = Debug|Any CPU
		{75EB182E-4DCF-4325-9072-B9874480CB3C}.Release|Any CPU.ActiveCfg = Release|Any CPU
		{75EB182E-4DCF-4325-9072-B9874480CB3C}.Release|Any CPU.Build.0 = Release|Any CPU
		{35F10294-68A4-44B1-AF84-84D3C0D56E83}.Debug|Any CPU.ActiveCfg = Debug|Any CPU
		{35F10294-68A4-44B1-AF84-84D3C0D56E83}.Debug|Any CPU.Build.0 = Debug|Any CPU
		{35F10294-68A4-44B1-AF84-84D3C0D56E83}.Release|Any CPU.ActiveCfg = Release|Any CPU
		{35F10294-68A4-44B1-AF84-84D3C0D56E83}.Release|Any CPU.Build.0 = Release|Any CPU
		{8263F578-4B4A-4198-8902-277B7C9B640A}.Debug|Any CPU.ActiveCfg = Debug|Any CPU
		{8263F578-4B4A-4198-8902-277B7C9B640A}.Debug|Any CPU.Build.0 = Debug|Any CPU
		{8263F578-4B4A-4198-8902-277B7C9B640A}.Release|Any CPU.ActiveCfg = Release|Any CPU
		{8263F578-4B4A-4198-8902-277B7C9B640A}.Release|Any CPU.Build.0 = Release|Any CPU
		{0A316D6E-5051-4E12-8868-8CE2C91FFFC3}.Debug|Any CPU.ActiveCfg = Debug|Any CPU
		{0A316D6E-5051-4E12-8868-8CE2C91FFFC3}.Debug|Any CPU.Build.0 = Debug|Any CPU
		{0A316D6E-5051-4E12-8868-8CE2C91FFFC3}.Release|Any CPU.ActiveCfg = Release|Any CPU
		{0A316D6E-5051-4E12-8868-8CE2C91FFFC3}.Release|Any CPU.Build.0 = Release|Any CPU
		{63F135FE-CB37-488B-9693-349E83B23F18}.Debug|Any CPU.ActiveCfg = Debug|Any CPU
		{63F135FE-CB37-488B-9693-349E83B23F18}.Debug|Any CPU.Build.0 = Debug|Any CPU
		{63F135FE-CB37-488B-9693-349E83B23F18}.Release|Any CPU.ActiveCfg = Release|Any CPU
		{63F135FE-CB37-488B-9693-349E83B23F18}.Release|Any CPU.Build.0 = Release|Any CPU
		{4E5EA597-D033-4592-9CB7-67F0013B11BA}.Debug|Any CPU.ActiveCfg = Debug|Any CPU
		{4E5EA597-D033-4592-9CB7-67F0013B11BA}.Debug|Any CPU.Build.0 = Debug|Any CPU
		{4E5EA597-D033-4592-9CB7-67F0013B11BA}.Release|Any CPU.ActiveCfg = Release|Any CPU
		{4E5EA597-D033-4592-9CB7-67F0013B11BA}.Release|Any CPU.Build.0 = Release|Any CPU
		{EF323BE7-F82F-46EE-8FC2-53C83EC093BC}.Debug|Any CPU.ActiveCfg = Debug|Any CPU
		{EF323BE7-F82F-46EE-8FC2-53C83EC093BC}.Debug|Any CPU.Build.0 = Debug|Any CPU
		{EF323BE7-F82F-46EE-8FC2-53C83EC093BC}.Release|Any CPU.ActiveCfg = Release|Any CPU
		{EF323BE7-F82F-46EE-8FC2-53C83EC093BC}.Release|Any CPU.Build.0 = Release|Any CPU
		{FB36136B-E71D-43ED-9CBB-D0618EF96D63}.Debug|Any CPU.ActiveCfg = Debug|Any CPU
		{FB36136B-E71D-43ED-9CBB-D0618EF96D63}.Debug|Any CPU.Build.0 = Debug|Any CPU
		{FB36136B-E71D-43ED-9CBB-D0618EF96D63}.Release|Any CPU.ActiveCfg = Release|Any CPU
		{FB36136B-E71D-43ED-9CBB-D0618EF96D63}.Release|Any CPU.Build.0 = Release|Any CPU
		{1B9BF4C4-85AE-4709-8102-CFF96D2D40B1}.Debug|Any CPU.ActiveCfg = Debug|Any CPU
		{1B9BF4C4-85AE-4709-8102-CFF96D2D40B1}.Debug|Any CPU.Build.0 = Debug|Any CPU
		{1B9BF4C4-85AE-4709-8102-CFF96D2D40B1}.Release|Any CPU.ActiveCfg = Release|Any CPU
		{1B9BF4C4-85AE-4709-8102-CFF96D2D40B1}.Release|Any CPU.Build.0 = Release|Any CPU
		{5260EC84-C1D5-401A-A54A-2F76BB03D25E}.Debug|Any CPU.ActiveCfg = Debug|Any CPU
		{5260EC84-C1D5-401A-A54A-2F76BB03D25E}.Debug|Any CPU.Build.0 = Debug|Any CPU
		{5260EC84-C1D5-401A-A54A-2F76BB03D25E}.Release|Any CPU.ActiveCfg = Release|Any CPU
		{5260EC84-C1D5-401A-A54A-2F76BB03D25E}.Release|Any CPU.Build.0 = Release|Any CPU
		{207E52CF-B663-4CE8-A888-465684C56688}.Debug|Any CPU.ActiveCfg = Debug|Any CPU
		{207E52CF-B663-4CE8-A888-465684C56688}.Debug|Any CPU.Build.0 = Debug|Any CPU
		{207E52CF-B663-4CE8-A888-465684C56688}.Release|Any CPU.ActiveCfg = Release|Any CPU
		{207E52CF-B663-4CE8-A888-465684C56688}.Release|Any CPU.Build.0 = Release|Any CPU
		{FF26C8A7-1A66-4A69-A8B4-DA6B02B33DF4}.Debug|Any CPU.ActiveCfg = Debug|Any CPU
		{FF26C8A7-1A66-4A69-A8B4-DA6B02B33DF4}.Debug|Any CPU.Build.0 = Debug|Any CPU
		{FF26C8A7-1A66-4A69-A8B4-DA6B02B33DF4}.Release|Any CPU.ActiveCfg = Release|Any CPU
		{FF26C8A7-1A66-4A69-A8B4-DA6B02B33DF4}.Release|Any CPU.Build.0 = Release|Any CPU
		{75982930-01BB-41F1-99DF-525F4AA51129}.Debug|Any CPU.ActiveCfg = Debug|Any CPU
		{75982930-01BB-41F1-99DF-525F4AA51129}.Debug|Any CPU.Build.0 = Debug|Any CPU
		{75982930-01BB-41F1-99DF-525F4AA51129}.Release|Any CPU.ActiveCfg = Release|Any CPU
		{75982930-01BB-41F1-99DF-525F4AA51129}.Release|Any CPU.Build.0 = Release|Any CPU
		{AACE2C1E-5682-4063-9BD5-53CEF269ED10}.Debug|Any CPU.ActiveCfg = Debug|Any CPU
		{AACE2C1E-5682-4063-9BD5-53CEF269ED10}.Debug|Any CPU.Build.0 = Debug|Any CPU
		{AACE2C1E-5682-4063-9BD5-53CEF269ED10}.Release|Any CPU.ActiveCfg = Release|Any CPU
		{AACE2C1E-5682-4063-9BD5-53CEF269ED10}.Release|Any CPU.Build.0 = Release|Any CPU
		{6ED24DBC-057F-43A5-92E2-0AA3B3CF01C2}.Debug|Any CPU.ActiveCfg = Debug|Any CPU
		{6ED24DBC-057F-43A5-92E2-0AA3B3CF01C2}.Debug|Any CPU.Build.0 = Debug|Any CPU
		{6ED24DBC-057F-43A5-92E2-0AA3B3CF01C2}.Release|Any CPU.ActiveCfg = Release|Any CPU
		{6ED24DBC-057F-43A5-92E2-0AA3B3CF01C2}.Release|Any CPU.Build.0 = Release|Any CPU
		{87094277-26F8-4E86-A309-E20DBD64F0EF}.Debug|Any CPU.ActiveCfg = Debug|Any CPU
		{87094277-26F8-4E86-A309-E20DBD64F0EF}.Debug|Any CPU.Build.0 = Debug|Any CPU
		{87094277-26F8-4E86-A309-E20DBD64F0EF}.Release|Any CPU.ActiveCfg = Release|Any CPU
		{87094277-26F8-4E86-A309-E20DBD64F0EF}.Release|Any CPU.Build.0 = Release|Any CPU
		{8CDE43EE-6575-4840-A4BD-A74B3652CA83}.Debug|Any CPU.ActiveCfg = Debug|Any CPU
		{8CDE43EE-6575-4840-A4BD-A74B3652CA83}.Debug|Any CPU.Build.0 = Debug|Any CPU
		{8CDE43EE-6575-4840-A4BD-A74B3652CA83}.Release|Any CPU.ActiveCfg = Release|Any CPU
		{8CDE43EE-6575-4840-A4BD-A74B3652CA83}.Release|Any CPU.Build.0 = Release|Any CPU
		{5EE80D58-C834-42F4-AC95-0F9DD9531D49}.Debug|Any CPU.ActiveCfg = Debug|Any CPU
		{5EE80D58-C834-42F4-AC95-0F9DD9531D49}.Debug|Any CPU.Build.0 = Debug|Any CPU
		{5EE80D58-C834-42F4-AC95-0F9DD9531D49}.Release|Any CPU.ActiveCfg = Release|Any CPU
		{5EE80D58-C834-42F4-AC95-0F9DD9531D49}.Release|Any CPU.Build.0 = Release|Any CPU
		{2A95A33D-3B7C-4142-BDB7-72004D175476}.Debug|Any CPU.ActiveCfg = Debug|Any CPU
		{2A95A33D-3B7C-4142-BDB7-72004D175476}.Debug|Any CPU.Build.0 = Debug|Any CPU
		{2A95A33D-3B7C-4142-BDB7-72004D175476}.Release|Any CPU.ActiveCfg = Release|Any CPU
		{2A95A33D-3B7C-4142-BDB7-72004D175476}.Release|Any CPU.Build.0 = Release|Any CPU
		{CE31F79E-EF6B-4DC5-A9E2-C9A457917E58}.Debug|Any CPU.ActiveCfg = Debug|Any CPU
		{CE31F79E-EF6B-4DC5-A9E2-C9A457917E58}.Debug|Any CPU.Build.0 = Debug|Any CPU
		{CE31F79E-EF6B-4DC5-A9E2-C9A457917E58}.Release|Any CPU.ActiveCfg = Release|Any CPU
		{CE31F79E-EF6B-4DC5-A9E2-C9A457917E58}.Release|Any CPU.Build.0 = Release|Any CPU
		{4CB090E5-9385-4711-8271-1F42BFF84FAB}.Debug|Any CPU.ActiveCfg = Debug|Any CPU
		{4CB090E5-9385-4711-8271-1F42BFF84FAB}.Debug|Any CPU.Build.0 = Debug|Any CPU
		{4CB090E5-9385-4711-8271-1F42BFF84FAB}.Release|Any CPU.ActiveCfg = Release|Any CPU
		{4CB090E5-9385-4711-8271-1F42BFF84FAB}.Release|Any CPU.Build.0 = Release|Any CPU
		{7A83B7B4-D5C2-48F1-89CB-4657E7ED8BD3}.Debug|Any CPU.ActiveCfg = Debug|Any CPU
		{7A83B7B4-D5C2-48F1-89CB-4657E7ED8BD3}.Debug|Any CPU.Build.0 = Debug|Any CPU
		{7A83B7B4-D5C2-48F1-89CB-4657E7ED8BD3}.Release|Any CPU.ActiveCfg = Release|Any CPU
		{7A83B7B4-D5C2-48F1-89CB-4657E7ED8BD3}.Release|Any CPU.Build.0 = Release|Any CPU
		{522C0CB1-D641-402E-905E-05920DF8BB79}.Debug|Any CPU.ActiveCfg = Debug|Any CPU
		{522C0CB1-D641-402E-905E-05920DF8BB79}.Debug|Any CPU.Build.0 = Debug|Any CPU
		{522C0CB1-D641-402E-905E-05920DF8BB79}.Release|Any CPU.ActiveCfg = Release|Any CPU
		{522C0CB1-D641-402E-905E-05920DF8BB79}.Release|Any CPU.Build.0 = Release|Any CPU
		{A99D68E0-B8FC-4456-A6BA-A0707E078DD8}.Debug|Any CPU.ActiveCfg = Debug|Any CPU
		{A99D68E0-B8FC-4456-A6BA-A0707E078DD8}.Debug|Any CPU.Build.0 = Debug|Any CPU
		{A99D68E0-B8FC-4456-A6BA-A0707E078DD8}.Release|Any CPU.ActiveCfg = Release|Any CPU
		{A99D68E0-B8FC-4456-A6BA-A0707E078DD8}.Release|Any CPU.Build.0 = Release|Any CPU
	EndGlobalSection
	GlobalSection(SolutionProperties) = preSolution
		HideSolutionNode = FALSE
	EndGlobalSection
EndGlobal
